// !$*UTF8*$!
{
	archiveVersion = 1;
	classes = {
	};
	objectVersion = 48;
	objects = {

/* Begin PBXBuildFile section */
		DAB42D381F79A64500E22EA8 /* AppDelegate.swift in Sources */ = {isa = PBXBuildFile; fileRef = DAB42D371F79A64500E22EA8 /* AppDelegate.swift */; };
		DAB42D3A1F79A64500E22EA8 /* ViewController.swift in Sources */ = {isa = PBXBuildFile; fileRef = DAB42D391F79A64500E22EA8 /* ViewController.swift */; };
		DAB42D3D1F79A64500E22EA8 /* Main.storyboard in Resources */ = {isa = PBXBuildFile; fileRef = DAB42D3B1F79A64500E22EA8 /* Main.storyboard */; };
		DAB42D401F79A64500E22EA8 /* VirtualTourist.xcdatamodeld in Sources */ = {isa = PBXBuildFile; fileRef = DAB42D3E1F79A64500E22EA8 /* VirtualTourist.xcdatamodeld */; };
		DAB42D421F79A64500E22EA8 /* Assets.xcassets in Resources */ = {isa = PBXBuildFile; fileRef = DAB42D411F79A64500E22EA8 /* Assets.xcassets */; };
		DAB42D451F79A64500E22EA8 /* LaunchScreen.storyboard in Resources */ = {isa = PBXBuildFile; fileRef = DAB42D431F79A64500E22EA8 /* LaunchScreen.storyboard */; };
		DAB42D501F79A64600E22EA8 /* VirtualTouristTests.swift in Sources */ = {isa = PBXBuildFile; fileRef = DAB42D4F1F79A64600E22EA8 /* VirtualTouristTests.swift */; };
		DAB42D5B1F79A64600E22EA8 /* VirtualTouristUITests.swift in Sources */ = {isa = PBXBuildFile; fileRef = DAB42D5A1F79A64600E22EA8 /* VirtualTouristUITests.swift */; };
		DAB42D6A1F79A66100E22EA8 /* MapKit.framework in Frameworks */ = {isa = PBXBuildFile; fileRef = DAB42D691F79A66100E22EA8 /* MapKit.framework */; };
		DAB42D711F79B0CC00E22EA8 /* MapViewController.swift in Sources */ = {isa = PBXBuildFile; fileRef = DAB42D701F79B0CC00E22EA8 /* MapViewController.swift */; };
/* End PBXBuildFile section */

/* Begin PBXContainerItemProxy section */
		DAB42D4C1F79A64600E22EA8 /* PBXContainerItemProxy */ = {
			isa = PBXContainerItemProxy;
			containerPortal = DAB42D2C1F79A64500E22EA8 /* Project object */;
			proxyType = 1;
			remoteGlobalIDString = DAB42D331F79A64500E22EA8;
			remoteInfo = VirtualTourist;
		};
		DAB42D571F79A64600E22EA8 /* PBXContainerItemProxy */ = {
			isa = PBXContainerItemProxy;
			containerPortal = DAB42D2C1F79A64500E22EA8 /* Project object */;
			proxyType = 1;
			remoteGlobalIDString = DAB42D331F79A64500E22EA8;
			remoteInfo = VirtualTourist;
		};
/* End PBXContainerItemProxy section */

/* Begin PBXFileReference section */
		DAB42D341F79A64500E22EA8 /* VirtualTourist.app */ = {isa = PBXFileReference; explicitFileType = wrapper.application; includeInIndex = 0; path = VirtualTourist.app; sourceTree = BUILT_PRODUCTS_DIR; };
		DAB42D371F79A64500E22EA8 /* AppDelegate.swift */ = {isa = PBXFileReference; lastKnownFileType = sourcecode.swift; path = AppDelegate.swift; sourceTree = "<group>"; };
		DAB42D391F79A64500E22EA8 /* ViewController.swift */ = {isa = PBXFileReference; lastKnownFileType = sourcecode.swift; path = ViewController.swift; sourceTree = "<group>"; };
		DAB42D3C1F79A64500E22EA8 /* Base */ = {isa = PBXFileReference; lastKnownFileType = file.storyboard; name = Base; path = Base.lproj/Main.storyboard; sourceTree = "<group>"; };
		DAB42D3F1F79A64500E22EA8 /* VirtualTourist.xcdatamodel */ = {isa = PBXFileReference; lastKnownFileType = wrapper.xcdatamodel; path = VirtualTourist.xcdatamodel; sourceTree = "<group>"; };
		DAB42D411F79A64500E22EA8 /* Assets.xcassets */ = {isa = PBXFileReference; lastKnownFileType = folder.assetcatalog; path = Assets.xcassets; sourceTree = "<group>"; };
		DAB42D441F79A64500E22EA8 /* Base */ = {isa = PBXFileReference; lastKnownFileType = file.storyboard; name = Base; path = Base.lproj/LaunchScreen.storyboard; sourceTree = "<group>"; };
		DAB42D461F79A64500E22EA8 /* Info.plist */ = {isa = PBXFileReference; lastKnownFileType = text.plist.xml; path = Info.plist; sourceTree = "<group>"; };
		DAB42D4B1F79A64600E22EA8 /* VirtualTouristTests.xctest */ = {isa = PBXFileReference; explicitFileType = wrapper.cfbundle; includeInIndex = 0; path = VirtualTouristTests.xctest; sourceTree = BUILT_PRODUCTS_DIR; };
		DAB42D4F1F79A64600E22EA8 /* VirtualTouristTests.swift */ = {isa = PBXFileReference; lastKnownFileType = sourcecode.swift; path = VirtualTouristTests.swift; sourceTree = "<group>"; };
		DAB42D511F79A64600E22EA8 /* Info.plist */ = {isa = PBXFileReference; lastKnownFileType = text.plist.xml; path = Info.plist; sourceTree = "<group>"; };
		DAB42D561F79A64600E22EA8 /* VirtualTouristUITests.xctest */ = {isa = PBXFileReference; explicitFileType = wrapper.cfbundle; includeInIndex = 0; path = VirtualTouristUITests.xctest; sourceTree = BUILT_PRODUCTS_DIR; };
		DAB42D5A1F79A64600E22EA8 /* VirtualTouristUITests.swift */ = {isa = PBXFileReference; lastKnownFileType = sourcecode.swift; path = VirtualTouristUITests.swift; sourceTree = "<group>"; };
		DAB42D5C1F79A64600E22EA8 /* Info.plist */ = {isa = PBXFileReference; lastKnownFileType = text.plist.xml; path = Info.plist; sourceTree = "<group>"; };
		DAB42D691F79A66100E22EA8 /* MapKit.framework */ = {isa = PBXFileReference; lastKnownFileType = wrapper.framework; name = MapKit.framework; path = System/Library/Frameworks/MapKit.framework; sourceTree = SDKROOT; };
		DAB42D701F79B0CC00E22EA8 /* MapViewController.swift */ = {isa = PBXFileReference; lastKnownFileType = sourcecode.swift; path = MapViewController.swift; sourceTree = "<group>"; };
/* End PBXFileReference section */

/* Begin PBXFrameworksBuildPhase section */
		DAB42D311F79A64500E22EA8 /* Frameworks */ = {
			isa = PBXFrameworksBuildPhase;
			buildActionMask = 2147483647;
			files = (
				DAB42D6A1F79A66100E22EA8 /* MapKit.framework in Frameworks */,
			);
			runOnlyForDeploymentPostprocessing = 0;
		};
		DAB42D481F79A64600E22EA8 /* Frameworks */ = {
			isa = PBXFrameworksBuildPhase;
			buildActionMask = 2147483647;
			files = (
			);
			runOnlyForDeploymentPostprocessing = 0;
		};
		DAB42D531F79A64600E22EA8 /* Frameworks */ = {
			isa = PBXFrameworksBuildPhase;
			buildActionMask = 2147483647;
			files = (
			);
			runOnlyForDeploymentPostprocessing = 0;
		};
/* End PBXFrameworksBuildPhase section */

/* Begin PBXGroup section */
		DAB42D2B1F79A64500E22EA8 = {
			isa = PBXGroup;
			children = (
				DAB42D361F79A64500E22EA8 /* VirtualTourist */,
				DAB42D6B1F79AAAC00E22EA8 /* Model */,
				DAB42D6C1F79AAC700E22EA8 /* View */,
				DAB42D6D1F79AAE500E22EA8 /* Controller */,
				DAB42D4E1F79A64600E22EA8 /* VirtualTouristTests */,
				DAB42D591F79A64600E22EA8 /* VirtualTouristUITests */,
				DAB42D351F79A64500E22EA8 /* Products */,
				DAB42D681F79A66100E22EA8 /* Frameworks */,
			);
			sourceTree = "<group>";
		};
		DAB42D351F79A64500E22EA8 /* Products */ = {
			isa = PBXGroup;
			children = (
				DAB42D341F79A64500E22EA8 /* VirtualTourist.app */,
				DAB42D4B1F79A64600E22EA8 /* VirtualTouristTests.xctest */,
				DAB42D561F79A64600E22EA8 /* VirtualTouristUITests.xctest */,
			);
			name = Products;
			sourceTree = "<group>";
		};
		DAB42D361F79A64500E22EA8 /* VirtualTourist */ = {
			isa = PBXGroup;
			children = (
				DAB42D371F79A64500E22EA8 /* AppDelegate.swift */,
				DAB42D391F79A64500E22EA8 /* ViewController.swift */,
				DAB42D411F79A64500E22EA8 /* Assets.xcassets */,
				DAB42D431F79A64500E22EA8 /* LaunchScreen.storyboard */,
				DAB42D461F79A64500E22EA8 /* Info.plist */,
				DAB42D3E1F79A64500E22EA8 /* VirtualTourist.xcdatamodeld */,
			);
			path = VirtualTourist;
			sourceTree = "<group>";
		};
		DAB42D4E1F79A64600E22EA8 /* VirtualTouristTests */ = {
			isa = PBXGroup;
			children = (
				DAB42D4F1F79A64600E22EA8 /* VirtualTouristTests.swift */,
				DAB42D511F79A64600E22EA8 /* Info.plist */,
			);
			path = VirtualTouristTests;
			sourceTree = "<group>";
		};
		DAB42D591F79A64600E22EA8 /* VirtualTouristUITests */ = {
			isa = PBXGroup;
			children = (
				DAB42D5A1F79A64600E22EA8 /* VirtualTouristUITests.swift */,
				DAB42D5C1F79A64600E22EA8 /* Info.plist */,
			);
			path = VirtualTouristUITests;
			sourceTree = "<group>";
		};
		DAB42D681F79A66100E22EA8 /* Frameworks */ = {
			isa = PBXGroup;
			children = (
				DAB42D691F79A66100E22EA8 /* MapKit.framework */,
			);
			name = Frameworks;
			sourceTree = "<group>";
		};
		DAB42D6B1F79AAAC00E22EA8 /* Model */ = {
			isa = PBXGroup;
			children = (
			);
			path = Model;
			sourceTree = "<group>";
		};
		DAB42D6C1F79AAC700E22EA8 /* View */ = {
			isa = PBXGroup;
			children = (
				DAB42D3B1F79A64500E22EA8 /* Main.storyboard */,
			);
			path = View;
			sourceTree = "<group>";
		};
		DAB42D6D1F79AAE500E22EA8 /* Controller */ = {
			isa = PBXGroup;
			children = (
				DAB42D701F79B0CC00E22EA8 /* MapViewController.swift */,
			);
			path = Controller;
			sourceTree = "<group>";
		};
/* End PBXGroup section */

/* Begin PBXNativeTarget section */
		DAB42D331F79A64500E22EA8 /* VirtualTourist */ = {
			isa = PBXNativeTarget;
			buildConfigurationList = DAB42D5F1F79A64600E22EA8 /* Build configuration list for PBXNativeTarget "VirtualTourist" */;
			buildPhases = (
				DAB42D301F79A64500E22EA8 /* Sources */,
				DAB42D311F79A64500E22EA8 /* Frameworks */,
				DAB42D321F79A64500E22EA8 /* Resources */,
			);
			buildRules = (
			);
			dependencies = (
			);
			name = VirtualTourist;
			productName = VirtualTourist;
			productReference = DAB42D341F79A64500E22EA8 /* VirtualTourist.app */;
			productType = "com.apple.product-type.application";
		};
		DAB42D4A1F79A64600E22EA8 /* VirtualTouristTests */ = {
			isa = PBXNativeTarget;
			buildConfigurationList = DAB42D621F79A64600E22EA8 /* Build configuration list for PBXNativeTarget "VirtualTouristTests" */;
			buildPhases = (
				DAB42D471F79A64600E22EA8 /* Sources */,
				DAB42D481F79A64600E22EA8 /* Frameworks */,
				DAB42D491F79A64600E22EA8 /* Resources */,
			);
			buildRules = (
			);
			dependencies = (
				DAB42D4D1F79A64600E22EA8 /* PBXTargetDependency */,
			);
			name = VirtualTouristTests;
			productName = VirtualTouristTests;
			productReference = DAB42D4B1F79A64600E22EA8 /* VirtualTouristTests.xctest */;
			productType = "com.apple.product-type.bundle.unit-test";
		};
		DAB42D551F79A64600E22EA8 /* VirtualTouristUITests */ = {
			isa = PBXNativeTarget;
			buildConfigurationList = DAB42D651F79A64600E22EA8 /* Build configuration list for PBXNativeTarget "VirtualTouristUITests" */;
			buildPhases = (
				DAB42D521F79A64600E22EA8 /* Sources */,
				DAB42D531F79A64600E22EA8 /* Frameworks */,
				DAB42D541F79A64600E22EA8 /* Resources */,
			);
			buildRules = (
			);
			dependencies = (
				DAB42D581F79A64600E22EA8 /* PBXTargetDependency */,
			);
			name = VirtualTouristUITests;
			productName = VirtualTouristUITests;
			productReference = DAB42D561F79A64600E22EA8 /* VirtualTouristUITests.xctest */;
			productType = "com.apple.product-type.bundle.ui-testing";
		};
/* End PBXNativeTarget section */

/* Begin PBXProject section */
		DAB42D2C1F79A64500E22EA8 /* Project object */ = {
			isa = PBXProject;
			attributes = {
				LastSwiftUpdateCheck = 0900;
				LastUpgradeCheck = 0900;
				ORGANIZATIONNAME = "Molly Cox";
				TargetAttributes = {
					DAB42D331F79A64500E22EA8 = {
						CreatedOnToolsVersion = 9.0;
						ProvisioningStyle = Automatic;
					};
					DAB42D4A1F79A64600E22EA8 = {
						CreatedOnToolsVersion = 9.0;
						ProvisioningStyle = Automatic;
						TestTargetID = DAB42D331F79A64500E22EA8;
					};
					DAB42D551F79A64600E22EA8 = {
						CreatedOnToolsVersion = 9.0;
						ProvisioningStyle = Automatic;
						TestTargetID = DAB42D331F79A64500E22EA8;
					};
				};
			};
			buildConfigurationList = DAB42D2F1F79A64500E22EA8 /* Build configuration list for PBXProject "VirtualTourist" */;
			compatibilityVersion = "Xcode 8.0";
			developmentRegion = en;
			hasScannedForEncodings = 0;
			knownRegions = (
				en,
				Base,
			);
			mainGroup = DAB42D2B1F79A64500E22EA8;
			productRefGroup = DAB42D351F79A64500E22EA8 /* Products */;
			projectDirPath = "";
			projectRoot = "";
			targets = (
				DAB42D331F79A64500E22EA8 /* VirtualTourist */,
				DAB42D4A1F79A64600E22EA8 /* VirtualTouristTests */,
				DAB42D551F79A64600E22EA8 /* VirtualTouristUITests */,
			);
		};
/* End PBXProject section */

/* Begin PBXResourcesBuildPhase section */
		DAB42D321F79A64500E22EA8 /* Resources */ = {
			isa = PBXResourcesBuildPhase;
			buildActionMask = 2147483647;
			files = (
				DAB42D451F79A64500E22EA8 /* LaunchScreen.storyboard in Resources */,
				DAB42D421F79A64500E22EA8 /* Assets.xcassets in Resources */,
				DAB42D3D1F79A64500E22EA8 /* Main.storyboard in Resources */,
			);
			runOnlyForDeploymentPostprocessing = 0;
		};
		DAB42D491F79A64600E22EA8 /* Resources */ = {
			isa = PBXResourcesBuildPhase;
			buildActionMask = 2147483647;
			files = (
			);
			runOnlyForDeploymentPostprocessing = 0;
		};
		DAB42D541F79A64600E22EA8 /* Resources */ = {
			isa = PBXResourcesBuildPhase;
			buildActionMask = 2147483647;
			files = (
			);
			runOnlyForDeploymentPostprocessing = 0;
		};
/* End PBXResourcesBuildPhase section */

/* Begin PBXSourcesBuildPhase section */
		DAB42D301F79A64500E22EA8 /* Sources */ = {
			isa = PBXSourcesBuildPhase;
			buildActionMask = 2147483647;
			files = (
				DAB42D3A1F79A64500E22EA8 /* ViewController.swift in Sources */,
				DAB42D381F79A64500E22EA8 /* AppDelegate.swift in Sources */,
				DAB42D401F79A64500E22EA8 /* VirtualTourist.xcdatamodeld in Sources */,
				DAB42D711F79B0CC00E22EA8 /* MapViewController.swift in Sources */,
			);
			runOnlyForDeploymentPostprocessing = 0;
		};
		DAB42D471F79A64600E22EA8 /* Sources */ = {
			isa = PBXSourcesBuildPhase;
			buildActionMask = 2147483647;
			files = (
				DAB42D501F79A64600E22EA8 /* VirtualTouristTests.swift in Sources */,
			);
			runOnlyForDeploymentPostprocessing = 0;
		};
		DAB42D521F79A64600E22EA8 /* Sources */ = {
			isa = PBXSourcesBuildPhase;
			buildActionMask = 2147483647;
			files = (
				DAB42D5B1F79A64600E22EA8 /* VirtualTouristUITests.swift in Sources */,
			);
			runOnlyForDeploymentPostprocessing = 0;
		};
/* End PBXSourcesBuildPhase section */

/* Begin PBXTargetDependency section */
		DAB42D4D1F79A64600E22EA8 /* PBXTargetDependency */ = {
			isa = PBXTargetDependency;
			target = DAB42D331F79A64500E22EA8 /* VirtualTourist */;
			targetProxy = DAB42D4C1F79A64600E22EA8 /* PBXContainerItemProxy */;
		};
		DAB42D581F79A64600E22EA8 /* PBXTargetDependency */ = {
			isa = PBXTargetDependency;
			target = DAB42D331F79A64500E22EA8 /* VirtualTourist */;
			targetProxy = DAB42D571F79A64600E22EA8 /* PBXContainerItemProxy */;
		};
/* End PBXTargetDependency section */

/* Begin PBXVariantGroup section */
		DAB42D3B1F79A64500E22EA8 /* Main.storyboard */ = {
			isa = PBXVariantGroup;
			children = (
				DAB42D3C1F79A64500E22EA8 /* Base */,
			);
			name = Main.storyboard;
			sourceTree = "<group>";
		};
		DAB42D431F79A64500E22EA8 /* LaunchScreen.storyboard */ = {
			isa = PBXVariantGroup;
			children = (
				DAB42D441F79A64500E22EA8 /* Base */,
			);
			name = LaunchScreen.storyboard;
			sourceTree = "<group>";
		};
/* End PBXVariantGroup section */

/* Begin XCBuildConfiguration section */
		DAB42D5D1F79A64600E22EA8 /* Debug */ = {
			isa = XCBuildConfiguration;
			buildSettings = {
				ALWAYS_SEARCH_USER_PATHS = NO;
				CLANG_ANALYZER_NONNULL = YES;
				CLANG_ANALYZER_NUMBER_OBJECT_CONVERSION = YES_AGGRESSIVE;
				CLANG_CXX_LANGUAGE_STANDARD = "gnu++14";
				CLANG_CXX_LIBRARY = "libc++";
				CLANG_ENABLE_MODULES = YES;
				CLANG_ENABLE_OBJC_ARC = YES;
				CLANG_WARN_BLOCK_CAPTURE_AUTORELEASING = YES;
				CLANG_WARN_BOOL_CONVERSION = YES;
				CLANG_WARN_COMMA = YES;
				CLANG_WARN_CONSTANT_CONVERSION = YES;
				CLANG_WARN_DIRECT_OBJC_ISA_USAGE = YES_ERROR;
				CLANG_WARN_DOCUMENTATION_COMMENTS = YES;
				CLANG_WARN_EMPTY_BODY = YES;
				CLANG_WARN_ENUM_CONVERSION = YES;
				CLANG_WARN_INFINITE_RECURSION = YES;
				CLANG_WARN_INT_CONVERSION = YES;
				CLANG_WARN_NON_LITERAL_NULL_CONVERSION = YES;
				CLANG_WARN_OBJC_LITERAL_CONVERSION = YES;
				CLANG_WARN_OBJC_ROOT_CLASS = YES_ERROR;
				CLANG_WARN_RANGE_LOOP_ANALYSIS = YES;
				CLANG_WARN_STRICT_PROTOTYPES = YES;
				CLANG_WARN_SUSPICIOUS_MOVE = YES;
				CLANG_WARN_UNGUARDED_AVAILABILITY = YES_AGGRESSIVE;
				CLANG_WARN_UNREACHABLE_CODE = YES;
				CLANG_WARN__DUPLICATE_METHOD_MATCH = YES;
				CODE_SIGN_IDENTITY = "iPhone Developer";
				COPY_PHASE_STRIP = NO;
				DEBUG_INFORMATION_FORMAT = dwarf;
				ENABLE_STRICT_OBJC_MSGSEND = YES;
				ENABLE_TESTABILITY = YES;
				GCC_C_LANGUAGE_STANDARD = gnu11;
				GCC_DYNAMIC_NO_PIC = NO;
				GCC_NO_COMMON_BLOCKS = YES;
				GCC_OPTIMIZATION_LEVEL = 0;
				GCC_PREPROCESSOR_DEFINITIONS = (
					"DEBUG=1",
					"$(inherited)",
				);
				GCC_WARN_64_TO_32_BIT_CONVERSION = YES;
				GCC_WARN_ABOUT_RETURN_TYPE = YES_ERROR;
				GCC_WARN_UNDECLARED_SELECTOR = YES;
				GCC_WARN_UNINITIALIZED_AUTOS = YES_AGGRESSIVE;
				GCC_WARN_UNUSED_FUNCTION = YES;
				GCC_WARN_UNUSED_VARIABLE = YES;
				IPHONEOS_DEPLOYMENT_TARGET = 11.0;
				MTL_ENABLE_DEBUG_INFO = YES;
				ONLY_ACTIVE_ARCH = YES;
				SDKROOT = iphoneos;
				SWIFT_ACTIVE_COMPILATION_CONDITIONS = DEBUG;
				SWIFT_OPTIMIZATION_LEVEL = "-Onone";
			};
			name = Debug;
		};
		DAB42D5E1F79A64600E22EA8 /* Release */ = {
			isa = XCBuildConfiguration;
			buildSettings = {
				ALWAYS_SEARCH_USER_PATHS = NO;
				CLANG_ANALYZER_NONNULL = YES;
				CLANG_ANALYZER_NUMBER_OBJECT_CONVERSION = YES_AGGRESSIVE;
				CLANG_CXX_LANGUAGE_STANDARD = "gnu++14";
				CLANG_CXX_LIBRARY = "libc++";
				CLANG_ENABLE_MODULES = YES;
				CLANG_ENABLE_OBJC_ARC = YES;
				CLANG_WARN_BLOCK_CAPTURE_AUTORELEASING = YES;
				CLANG_WARN_BOOL_CONVERSION = YES;
				CLANG_WARN_COMMA = YES;
				CLANG_WARN_CONSTANT_CONVERSION = YES;
				CLANG_WARN_DIRECT_OBJC_ISA_USAGE = YES_ERROR;
				CLANG_WARN_DOCUMENTATION_COMMENTS = YES;
				CLANG_WARN_EMPTY_BODY = YES;
				CLANG_WARN_ENUM_CONVERSION = YES;
				CLANG_WARN_INFINITE_RECURSION = YES;
				CLANG_WARN_INT_CONVERSION = YES;
				CLANG_WARN_NON_LITERAL_NULL_CONVERSION = YES;
				CLANG_WARN_OBJC_LITERAL_CONVERSION = YES;
				CLANG_WARN_OBJC_ROOT_CLASS = YES_ERROR;
				CLANG_WARN_RANGE_LOOP_ANALYSIS = YES;
				CLANG_WARN_STRICT_PROTOTYPES = YES;
				CLANG_WARN_SUSPICIOUS_MOVE = YES;
				CLANG_WARN_UNGUARDED_AVAILABILITY = YES_AGGRESSIVE;
				CLANG_WARN_UNREACHABLE_CODE = YES;
				CLANG_WARN__DUPLICATE_METHOD_MATCH = YES;
				CODE_SIGN_IDENTITY = "iPhone Developer";
				COPY_PHASE_STRIP = NO;
				DEBUG_INFORMATION_FORMAT = "dwarf-with-dsym";
				ENABLE_NS_ASSERTIONS = NO;
				ENABLE_STRICT_OBJC_MSGSEND = YES;
				GCC_C_LANGUAGE_STANDARD = gnu11;
				GCC_NO_COMMON_BLOCKS = YES;
				GCC_WARN_64_TO_32_BIT_CONVERSION = YES;
				GCC_WARN_ABOUT_RETURN_TYPE = YES_ERROR;
				GCC_WARN_UNDECLARED_SELECTOR = YES;
				GCC_WARN_UNINITIALIZED_AUTOS = YES_AGGRESSIVE;
				GCC_WARN_UNUSED_FUNCTION = YES;
				GCC_WARN_UNUSED_VARIABLE = YES;
				IPHONEOS_DEPLOYMENT_TARGET = 11.0;
				MTL_ENABLE_DEBUG_INFO = NO;
				SDKROOT = iphoneos;
				SWIFT_OPTIMIZATION_LEVEL = "-Owholemodule";
				VALIDATE_PRODUCT = YES;
			};
			name = Release;
		};
		DAB42D601F79A64600E22EA8 /* Debug */ = {
			isa = XCBuildConfiguration;
			buildSettings = {
				ASSETCATALOG_COMPILER_APPICON_NAME = AppIcon;
				CODE_SIGN_STYLE = Automatic;
				DEVELOPMENT_TEAM = BHY3MQVSKT;
				INFOPLIST_FILE = VirtualTourist/Info.plist;
				IPHONEOS_DEPLOYMENT_TARGET = 10.3;
				LD_RUNPATH_SEARCH_PATHS = "$(inherited) @executable_path/Frameworks";
				PRODUCT_BUNDLE_IDENTIFIER = MagCoxSW.VirtualTourist;
				PRODUCT_NAME = "$(TARGET_NAME)";
				SWIFT_VERSION = 4.0;
				TARGETED_DEVICE_FAMILY = "1,2";
			};
			name = Debug;
		};
		DAB42D611F79A64600E22EA8 /* Release */ = {
			isa = XCBuildConfiguration;
			buildSettings = {
				ASSETCATALOG_COMPILER_APPICON_NAME = AppIcon;
				CODE_SIGN_STYLE = Automatic;
				DEVELOPMENT_TEAM = BHY3MQVSKT;
				INFOPLIST_FILE = VirtualTourist/Info.plist;
				IPHONEOS_DEPLOYMENT_TARGET = 10.3;
				LD_RUNPATH_SEARCH_PATHS = "$(inherited) @executable_path/Frameworks";
				PRODUCT_BUNDLE_IDENTIFIER = MagCoxSW.VirtualTourist;
				PRODUCT_NAME = "$(TARGET_NAME)";
				SWIFT_VERSION = 4.0;
				TARGETED_DEVICE_FAMILY = "1,2";
			};
			name = Release;
		};
		DAB42D631F79A64600E22EA8 /* Debug */ = {
			isa = XCBuildConfiguration;
			buildSettings = {
				ALWAYS_EMBED_SWIFT_STANDARD_LIBRARIES = YES;
				BUNDLE_LOADER = "$(TEST_HOST)";
				CODE_SIGN_STYLE = Automatic;
				DEVELOPMENT_TEAM = BHY3MQVSKT;
				INFOPLIST_FILE = VirtualTouristTests/Info.plist;
				LD_RUNPATH_SEARCH_PATHS = "$(inherited) @executable_path/Frameworks @loader_path/Frameworks";
				PRODUCT_BUNDLE_IDENTIFIER = MagCoxSW.VirtualTouristTests;
				PRODUCT_NAME = "$(TARGET_NAME)";
				SWIFT_VERSION = 4.0;
				TARGETED_DEVICE_FAMILY = "1,2";
				TEST_HOST = "$(BUILT_PRODUCTS_DIR)/VirtualTourist.app/VirtualTourist";
			};
			name = Debug;
		};
		DAB42D641F79A64600E22EA8 /* Release */ = {
			isa = XCBuildConfiguration;
			buildSettings = {
				ALWAYS_EMBED_SWIFT_STANDARD_LIBRARIES = YES;
				BUNDLE_LOADER = "$(TEST_HOST)";
				CODE_SIGN_STYLE = Automatic;
				DEVELOPMENT_TEAM = BHY3MQVSKT;
				INFOPLIST_FILE = VirtualTouristTests/Info.plist;
				LD_RUNPATH_SEARCH_PATHS = "$(inherited) @executable_path/Frameworks @loader_path/Frameworks";
				PRODUCT_BUNDLE_IDENTIFIER = MagCoxSW.VirtualTouristTests;
				PRODUCT_NAME = "$(TARGET_NAME)";
				SWIFT_VERSION = 4.0;
				TARGETED_DEVICE_FAMILY = "1,2";
				TEST_HOST = "$(BUILT_PRODUCTS_DIR)/VirtualTourist.app/VirtualTourist";
			};
			name = Release;
		};
		DAB42D661F79A64600E22EA8 /* Debug */ = {
			isa = XCBuildConfiguration;
			buildSettings = {
				ALWAYS_EMBED_SWIFT_STANDARD_LIBRARIES = YES;
				CODE_SIGN_STYLE = Automatic;
				DEVELOPMENT_TEAM = BHY3MQVSKT;
				INFOPLIST_FILE = VirtualTouristUITests/Info.plist;
				LD_RUNPATH_SEARCH_PATHS = "$(inherited) @executable_path/Frameworks @loader_path/Frameworks";
				PRODUCT_BUNDLE_IDENTIFIER = MagCoxSW.VirtualTouristUITests;
				PRODUCT_NAME = "$(TARGET_NAME)";
				SWIFT_VERSION = 4.0;
				TARGETED_DEVICE_FAMILY = "1,2";
				TEST_TARGET_NAME = VirtualTourist;
			};
			name = Debug;
		};
		DAB42D671F79A64600E22EA8 /* Release */ = {
			isa = XCBuildConfiguration;
			buildSettings = {
				ALWAYS_EMBED_SWIFT_STANDARD_LIBRARIES = YES;
				CODE_SIGN_STYLE = Automatic;
				DEVELOPMENT_TEAM = BHY3MQVSKT;
				INFOPLIST_FILE = VirtualTouristUITests/Info.plist;
				LD_RUNPATH_SEARCH_PATHS = "$(inherited) @executable_path/Frameworks @loader_path/Frameworks";
				PRODUCT_BUNDLE_IDENTIFIER = MagCoxSW.VirtualTouristUITests;
				PRODUCT_NAME = "$(TARGET_NAME)";
				SWIFT_VERSION = 4.0;
				TARGETED_DEVICE_FAMILY = "1,2";
				TEST_TARGET_NAME = VirtualTourist;
			};
			name = Release;
		};
/* End XCBuildConfiguration section */

/* Begin XCConfigurationList section */
		DAB42D2F1F79A64500E22EA8 /* Build configuration list for PBXProject "VirtualTourist" */ = {
			isa = XCConfigurationList;
			buildConfigurations = (
				DAB42D5D1F79A64600E22EA8 /* Debug */,
				DAB42D5E1F79A64600E22EA8 /* Release */,
			);
			defaultConfigurationIsVisible = 0;
			defaultConfigurationName = Release;
		};
		DAB42D5F1F79A64600E22EA8 /* Build configuration list for PBXNativeTarget "VirtualTourist" */ = {
			isa = XCConfigurationList;
			buildConfigurations = (
				DAB42D601F79A64600E22EA8 /* Debug */,
				DAB42D611F79A64600E22EA8 /* Release */,
			);
			defaultConfigurationIsVisible = 0;
			defaultConfigurationName = Release;
		};
		DAB42D621F79A64600E22EA8 /* Build configuration list for PBXNativeTarget "VirtualTouristTests" */ = {
			isa = XCConfigurationList;
			buildConfigurations = (
				DAB42D631F79A64600E22EA8 /* Debug */,
				DAB42D641F79A64600E22EA8 /* Release */,
			);
			defaultConfigurationIsVisible = 0;
			defaultConfigurationName = Release;
		};
		DAB42D651F79A64600E22EA8 /* Build configuration list for PBXNativeTarget "VirtualTouristUITests" */ = {
			isa = XCConfigurationList;
			buildConfigurations = (
				DAB42D661F79A64600E22EA8 /* Debug */,
				DAB42D671F79A64600E22EA8 /* Release */,
			);
			defaultConfigurationIsVisible = 0;
			defaultConfigurationName = Release;
		};
/* End XCConfigurationList section */

/* Begin XCVersionGroup section */
		DAB42D3E1F79A64500E22EA8 /* VirtualTourist.xcdatamodeld */ = {
			isa = XCVersionGroup;
			children = (
				DAB42D3F1F79A64500E22EA8 /* VirtualTourist.xcdatamodel */,
			);
			currentVersion = DAB42D3F1F79A64500E22EA8 /* VirtualTourist.xcdatamodel */;
			path = VirtualTourist.xcdatamodeld;
			sourceTree = "<group>";
			versionGroupType = wrapper.xcdatamodel;
		};
/* End XCVersionGroup section */
	};
	rootObject = DAB42D2C1F79A64500E22EA8 /* Project object */;
}
